
Microsoft Visual Studio Solution File, Format Version 12.00
# Visual Studio Version 16
VisualStudioVersion = 16.0.32630.194
MinimumVisualStudioVersion = 10.0.40219.1
Project("{8BC9CEB8-8B4A-11D0-8D11-00A0C91BC942}") = "LEngine", "Engine\LEngine.vcxproj", "{442D8EDF-0444-4A3A-9693-C3235AC5C6CE}"
EndProject
Project("{8BC9CEB8-8B4A-11D0-8D11-00A0C91BC942}") = "LClient", "Client\LClient.vcxproj", "{508AFAAF-6BC2-4F4D-96CC-64311FD324BA}"
EndProject
Project("{2150E333-8FDC-42A3-9474-1A3956D46DE8}") = "Tools", "Tools", "{765A42CA-67D7-4204-AD1F-25F69B22AE77}"
EndProject
Project("{8BC9CEB8-8B4A-11D0-8D11-00A0C91BC942}") = "ShaderCompiler", "Tools\ShaderCompiler\ShaderCompiler.vcxproj", "{7FEC1DDE-0CDA-465D-BEFD-EC85B8AEAC9C}"
EndProject
Global
	GlobalSection(SolutionConfigurationPlatforms) = preSolution
		Debug|Win32 = Debug|Win32
		Debug|x64 = Debug|x64
		Release|Win32 = Release|Win32
		Release|x64 = Release|x64
	EndGlobalSection
	GlobalSection(ProjectConfigurationPlatforms) = postSolution
		{442D8EDF-0444-4A3A-9693-C3235AC5C6CE}.Debug|Win32.ActiveCfg = Debug|Win32
		{442D8EDF-0444-4A3A-9693-C3235AC5C6CE}.Debug|Win32.Build.0 = Debug|Win32
		{442D8EDF-0444-4A3A-9693-C3235AC5C6CE}.Debug|x64.ActiveCfg = Debug|x64
		{442D8EDF-0444-4A3A-9693-C3235AC5C6CE}.Debug|x64.Build.0 = Debug|x64
		{442D8EDF-0444-4A3A-9693-C3235AC5C6CE}.Release|Win32.ActiveCfg = Release|Win32
		{442D8EDF-0444-4A3A-9693-C3235AC5C6CE}.Release|Win32.Build.0 = Release|Win32
		{442D8EDF-0444-4A3A-9693-C3235AC5C6CE}.Release|x64.ActiveCfg = Release|Win32
		{508AFAAF-6BC2-4F4D-96CC-64311FD324BA}.Debug|Win32.ActiveCfg = Debug|Win32
		{508AFAAF-6BC2-4F4D-96CC-64311FD324BA}.Debug|Win32.Build.0 = Debug|Win32
		{508AFAAF-6BC2-4F4D-96CC-64311FD324BA}.Debug|x64.ActiveCfg = Debug|x64
		{508AFAAF-6BC2-4F4D-96CC-64311FD324BA}.Debug|x64.Build.0 = Debug|x64
		{508AFAAF-6BC2-4F4D-96CC-64311FD324BA}.Release|Win32.ActiveCfg = Release|Win32
		{508AFAAF-6BC2-4F4D-96CC-64311FD324BA}.Release|Win32.Build.0 = Release|Win32
		{508AFAAF-6BC2-4F4D-96CC-64311FD324BA}.Release|x64.ActiveCfg = Release|x64
		{508AFAAF-6BC2-4F4D-96CC-64311FD324BA}.Release|x64.Build.0 = Release|x64
		{7FEC1DDE-0CDA-465D-BEFD-EC85B8AEAC9C}.Debug|Win32.ActiveCfg = Debug|Win32
		{7FEC1DDE-0CDA-465D-BEFD-EC85B8AEAC9C}.Debug|Win32.Build.0 = Debug|Win32
		{7FEC1DDE-0CDA-465D-BEFD-EC85B8AEAC9C}.Debug|x64.ActiveCfg = Debug|x64
		{7FEC1DDE-0CDA-465D-BEFD-EC85B8AEAC9C}.Debug|x64.Build.0 = Debug|x64
		{7FEC1DDE-0CDA-465D-BEFD-EC85B8AEAC9C}.Release|Win32.ActiveCfg = Release|Win32
		{7FEC1DDE-0CDA-465D-BEFD-EC85B8AEAC9C}.Release|Win32.Build.0 = Release|Win32
		{7FEC1DDE-0CDA-465D-BEFD-EC85B8AEAC9C}.Release|x64.ActiveCfg = Release|x64
		{7FEC1DDE-0CDA-465D-BEFD-EC85B8AEAC9C}.Release|x64.Build.0 = Release|x64
	EndGlobalSection
	GlobalSection(SolutionProperties) = preSolution
		HideSolutionNode = FALSE
	EndGlobalSection
	GlobalSection(NestedProjects) = preSolution
		{7FEC1DDE-0CDA-465D-BEFD-EC85B8AEAC9C} = {765A42CA-67D7-4204-AD1F-25F69B22AE77}
	EndGlobalSection
	GlobalSection(ExtensibilityGlobals) = postSolution
		SolutionGuid = {5E9F61BD-C16D-4D43-BBE2-353646FB9A2E}
	EndGlobalSection
EndGlobal
