
Microsoft Visual Studio Solution File, Format Version 12.00
# Visual Studio Version 17
VisualStudioVersion = 17.2.32630.192
MinimumVisualStudioVersion = 10.0.40219.1
Project("{8BC9CEB8-8B4A-11D0-8D11-00A0C91BC942}") = "LEngine", "Engine\LEngine.vcxproj", "{442D8EDF-0444-4A3A-9693-C3235AC5C6CE}"
	ProjectSection(ProjectDependencies) = postProject
		{371B9FA9-4C90-4AC6-A123-ACED756D6C77} = {371B9FA9-4C90-4AC6-A123-ACED756D6C77}
		{84C36928-B66E-4EBF-98AB-A671BA29014F} = {84C36928-B66E-4EBF-98AB-A671BA29014F}
		{DF460EAB-570D-4B50-9089-2E2FC801BF38} = {DF460EAB-570D-4B50-9089-2E2FC801BF38}
	EndProjectSection
EndProject
Project("{8BC9CEB8-8B4A-11D0-8D11-00A0C91BC942}") = "LClient", "Client\LClient.vcxproj", "{508AFAAF-6BC2-4F4D-96CC-64311FD324BA}"
	ProjectSection(ProjectDependencies) = postProject
		{84C36928-B66E-4EBF-98AB-A671BA29014F} = {84C36928-B66E-4EBF-98AB-A671BA29014F}
	EndProjectSection
EndProject
Project("{2150E333-8FDC-42A3-9474-1A3956D46DE8}") = "Tools", "Tools", "{765A42CA-67D7-4204-AD1F-25F69B22AE77}"
EndProject
Project("{8BC9CEB8-8B4A-11D0-8D11-00A0C91BC942}") = "DataCreator", "Tools\DataCreator\DataCreator.vcxproj", "{7FEC1DDE-0CDA-465D-BEFD-EC85B8AEAC9C}"
EndProject
Project("{2150E333-8FDC-42A3-9474-1A3956D46DE8}") = "3rdParty", "3rdParty", "{2479A086-A080-4DF6-B6E3-CA44CFBEED49}"
EndProject
Project("{8BC9CEB8-8B4A-11D0-8D11-00A0C91BC942}") = "DirectXTex", "3rdParty\DirectXTex\DirectXTex\DirectXTex_Desktop_2019_Win10.vcxproj", "{371B9FA9-4C90-4AC6-A123-ACED756D6C77}"
EndProject
Project("{8BC9CEB8-8B4A-11D0-8D11-00A0C91BC942}") = "Effects11", "3rdParty\FX11\Effects11_2019_Win10.vcxproj", "{DF460EAB-570D-4B50-9089-2E2FC801BF38}"
EndProject
Project("{2150E333-8FDC-42A3-9474-1A3956D46DE8}") = "Server", "Server", "{2B1462A1-6473-49B8-BA09-05861A7C0F82}"
EndProject
Project("{8BC9CEB8-8B4A-11D0-8D11-00A0C91BC942}") = "LGateway", "Server\Gateway\Gateway.vcxproj", "{1DF4EB9F-B186-4BA6-A3D8-42E062BCF9A8}"
	ProjectSection(ProjectDependencies) = postProject
		{C904D0E5-7497-48AD-854B-45E1315595B2} = {C904D0E5-7497-48AD-854B-45E1315595B2}
	EndProjectSection
EndProject
Project("{8BC9CEB8-8B4A-11D0-8D11-00A0C91BC942}") = "LSocket", "Server\LSocket\LSocket.vcxproj", "{C904D0E5-7497-48AD-854B-45E1315595B2}"
EndProject
Project("{8BC9CEB8-8B4A-11D0-8D11-00A0C91BC942}") = "LLoader", "Loader\LLoader.vcxproj", "{84C36928-B66E-4EBF-98AB-A671BA29014F}"
EndProject
Global
	GlobalSection(SolutionConfigurationPlatforms) = preSolution
		Debug|ARM64 = Debug|ARM64
		Debug|x64 = Debug|x64
		Profile|ARM64 = Profile|ARM64
		Profile|x64 = Profile|x64
		Release|ARM64 = Release|ARM64
		Release|x64 = Release|x64
	EndGlobalSection
	GlobalSection(ProjectConfigurationPlatforms) = postSolution
		{442D8EDF-0444-4A3A-9693-C3235AC5C6CE}.Debug|ARM64.ActiveCfg = Debug|Win32
		{442D8EDF-0444-4A3A-9693-C3235AC5C6CE}.Debug|x64.ActiveCfg = Debug|x64
		{442D8EDF-0444-4A3A-9693-C3235AC5C6CE}.Debug|x64.Build.0 = Debug|x64
		{442D8EDF-0444-4A3A-9693-C3235AC5C6CE}.Profile|ARM64.ActiveCfg = Release|x64
		{442D8EDF-0444-4A3A-9693-C3235AC5C6CE}.Profile|ARM64.Build.0 = Release|x64
		{442D8EDF-0444-4A3A-9693-C3235AC5C6CE}.Profile|x64.ActiveCfg = Release|x64
		{442D8EDF-0444-4A3A-9693-C3235AC5C6CE}.Profile|x64.Build.0 = Release|x64
		{442D8EDF-0444-4A3A-9693-C3235AC5C6CE}.Release|ARM64.ActiveCfg = Release|Win32
		{442D8EDF-0444-4A3A-9693-C3235AC5C6CE}.Release|x64.ActiveCfg = Release|x64
		{442D8EDF-0444-4A3A-9693-C3235AC5C6CE}.Release|x64.Build.0 = Release|x64
		{508AFAAF-6BC2-4F4D-96CC-64311FD324BA}.Debug|ARM64.ActiveCfg = Debug|Win32
		{508AFAAF-6BC2-4F4D-96CC-64311FD324BA}.Debug|x64.ActiveCfg = Debug|x64
		{508AFAAF-6BC2-4F4D-96CC-64311FD324BA}.Debug|x64.Build.0 = Debug|x64
		{508AFAAF-6BC2-4F4D-96CC-64311FD324BA}.Profile|ARM64.ActiveCfg = Release|x64
		{508AFAAF-6BC2-4F4D-96CC-64311FD324BA}.Profile|ARM64.Build.0 = Release|x64
		{508AFAAF-6BC2-4F4D-96CC-64311FD324BA}.Profile|x64.ActiveCfg = Release|x64
		{508AFAAF-6BC2-4F4D-96CC-64311FD324BA}.Profile|x64.Build.0 = Release|x64
		{508AFAAF-6BC2-4F4D-96CC-64311FD324BA}.Release|ARM64.ActiveCfg = Release|Win32
		{508AFAAF-6BC2-4F4D-96CC-64311FD324BA}.Release|x64.ActiveCfg = Release|x64
		{508AFAAF-6BC2-4F4D-96CC-64311FD324BA}.Release|x64.Build.0 = Release|x64
		{7FEC1DDE-0CDA-465D-BEFD-EC85B8AEAC9C}.Debug|ARM64.ActiveCfg = Debug|Win32
		{7FEC1DDE-0CDA-465D-BEFD-EC85B8AEAC9C}.Debug|x64.ActiveCfg = Debug|x64
		{7FEC1DDE-0CDA-465D-BEFD-EC85B8AEAC9C}.Debug|x64.Build.0 = Debug|x64
		{7FEC1DDE-0CDA-465D-BEFD-EC85B8AEAC9C}.Profile|ARM64.ActiveCfg = Release|x64
		{7FEC1DDE-0CDA-465D-BEFD-EC85B8AEAC9C}.Profile|ARM64.Build.0 = Release|x64
		{7FEC1DDE-0CDA-465D-BEFD-EC85B8AEAC9C}.Profile|x64.ActiveCfg = Release|x64
		{7FEC1DDE-0CDA-465D-BEFD-EC85B8AEAC9C}.Profile|x64.Build.0 = Release|x64
		{7FEC1DDE-0CDA-465D-BEFD-EC85B8AEAC9C}.Release|ARM64.ActiveCfg = Release|Win32
		{7FEC1DDE-0CDA-465D-BEFD-EC85B8AEAC9C}.Release|x64.ActiveCfg = Release|x64
		{371B9FA9-4C90-4AC6-A123-ACED756D6C77}.Debug|ARM64.ActiveCfg = Debug|ARM64
		{371B9FA9-4C90-4AC6-A123-ACED756D6C77}.Debug|ARM64.Build.0 = Debug|ARM64
		{371B9FA9-4C90-4AC6-A123-ACED756D6C77}.Debug|x64.ActiveCfg = Debug|x64
		{371B9FA9-4C90-4AC6-A123-ACED756D6C77}.Debug|x64.Build.0 = Debug|x64
		{371B9FA9-4C90-4AC6-A123-ACED756D6C77}.Profile|ARM64.ActiveCfg = Profile|ARM64
		{371B9FA9-4C90-4AC6-A123-ACED756D6C77}.Profile|ARM64.Build.0 = Profile|ARM64
		{371B9FA9-4C90-4AC6-A123-ACED756D6C77}.Profile|x64.ActiveCfg = Profile|x64
		{371B9FA9-4C90-4AC6-A123-ACED756D6C77}.Profile|x64.Build.0 = Profile|x64
		{371B9FA9-4C90-4AC6-A123-ACED756D6C77}.Release|ARM64.ActiveCfg = Release|ARM64
		{371B9FA9-4C90-4AC6-A123-ACED756D6C77}.Release|ARM64.Build.0 = Release|ARM64
		{371B9FA9-4C90-4AC6-A123-ACED756D6C77}.Release|x64.ActiveCfg = Release|x64
		{371B9FA9-4C90-4AC6-A123-ACED756D6C77}.Release|x64.Build.0 = Release|x64
		{DF460EAB-570D-4B50-9089-2E2FC801BF38}.Debug|ARM64.ActiveCfg = Debug|Win32
		{DF460EAB-570D-4B50-9089-2E2FC801BF38}.Debug|x64.ActiveCfg = Debug|x64
		{DF460EAB-570D-4B50-9089-2E2FC801BF38}.Debug|x64.Build.0 = Debug|x64
		{DF460EAB-570D-4B50-9089-2E2FC801BF38}.Profile|ARM64.ActiveCfg = Profile|Win32
		{DF460EAB-570D-4B50-9089-2E2FC801BF38}.Profile|x64.ActiveCfg = Profile|x64
		{DF460EAB-570D-4B50-9089-2E2FC801BF38}.Profile|x64.Build.0 = Profile|x64
		{DF460EAB-570D-4B50-9089-2E2FC801BF38}.Release|ARM64.ActiveCfg = Release|Win32
		{DF460EAB-570D-4B50-9089-2E2FC801BF38}.Release|x64.ActiveCfg = Release|x64
		{DF460EAB-570D-4B50-9089-2E2FC801BF38}.Release|x64.Build.0 = Release|x64
		{1DF4EB9F-B186-4BA6-A3D8-42E062BCF9A8}.Debug|ARM64.ActiveCfg = Debug|x64
		{1DF4EB9F-B186-4BA6-A3D8-42E062BCF9A8}.Debug|ARM64.Build.0 = Debug|x64
		{1DF4EB9F-B186-4BA6-A3D8-42E062BCF9A8}.Debug|x64.ActiveCfg = Debug|x64
		{1DF4EB9F-B186-4BA6-A3D8-42E062BCF9A8}.Debug|x64.Build.0 = Debug|x64
		{1DF4EB9F-B186-4BA6-A3D8-42E062BCF9A8}.Profile|ARM64.ActiveCfg = Debug|x64
		{1DF4EB9F-B186-4BA6-A3D8-42E062BCF9A8}.Profile|ARM64.Build.0 = Debug|x64
		{1DF4EB9F-B186-4BA6-A3D8-42E062BCF9A8}.Profile|x64.ActiveCfg = Debug|x64
		{1DF4EB9F-B186-4BA6-A3D8-42E062BCF9A8}.Profile|x64.Build.0 = Debug|x64
		{1DF4EB9F-B186-4BA6-A3D8-42E062BCF9A8}.Release|ARM64.ActiveCfg = Release|x64
		{1DF4EB9F-B186-4BA6-A3D8-42E062BCF9A8}.Release|ARM64.Build.0 = Release|x64
		{1DF4EB9F-B186-4BA6-A3D8-42E062BCF9A8}.Release|x64.ActiveCfg = Release|x64
		{C904D0E5-7497-48AD-854B-45E1315595B2}.Debug|ARM64.ActiveCfg = Debug|x64
		{C904D0E5-7497-48AD-854B-45E1315595B2}.Debug|ARM64.Build.0 = Debug|x64
		{C904D0E5-7497-48AD-854B-45E1315595B2}.Debug|x64.ActiveCfg = Debug|x64
		{C904D0E5-7497-48AD-854B-45E1315595B2}.Debug|x64.Build.0 = Debug|x64
		{C904D0E5-7497-48AD-854B-45E1315595B2}.Profile|ARM64.ActiveCfg = Debug|x64
		{C904D0E5-7497-48AD-854B-45E1315595B2}.Profile|ARM64.Build.0 = Debug|x64
		{C904D0E5-7497-48AD-854B-45E1315595B2}.Profile|x64.ActiveCfg = Debug|x64
		{C904D0E5-7497-48AD-854B-45E1315595B2}.Profile|x64.Build.0 = Debug|x64
		{C904D0E5-7497-48AD-854B-45E1315595B2}.Release|ARM64.ActiveCfg = Release|x64
		{C904D0E5-7497-48AD-854B-45E1315595B2}.Release|ARM64.Build.0 = Release|x64
		{C904D0E5-7497-48AD-854B-45E1315595B2}.Release|x64.ActiveCfg = Release|x64
		{84C36928-B66E-4EBF-98AB-A671BA29014F}.Debug|ARM64.ActiveCfg = Debug|x64
		{84C36928-B66E-4EBF-98AB-A671BA29014F}.Debug|ARM64.Build.0 = Debug|x64
		{84C36928-B66E-4EBF-98AB-A671BA29014F}.Debug|x64.ActiveCfg = Debug|x64
		{84C36928-B66E-4EBF-98AB-A671BA29014F}.Debug|x64.Build.0 = Debug|x64
		{84C36928-B66E-4EBF-98AB-A671BA29014F}.Profile|ARM64.ActiveCfg = Debug|x64
		{84C36928-B66E-4EBF-98AB-A671BA29014F}.Profile|ARM64.Build.0 = Debug|x64
		{84C36928-B66E-4EBF-98AB-A671BA29014F}.Profile|x64.ActiveCfg = Debug|x64
		{84C36928-B66E-4EBF-98AB-A671BA29014F}.Profile|x64.Build.0 = Debug|x64
		{84C36928-B66E-4EBF-98AB-A671BA29014F}.Release|ARM64.ActiveCfg = Release|x64
		{84C36928-B66E-4EBF-98AB-A671BA29014F}.Release|ARM64.Build.0 = Release|x64
		{84C36928-B66E-4EBF-98AB-A671BA29014F}.Release|x64.ActiveCfg = Release|x64
		{84C36928-B66E-4EBF-98AB-A671BA29014F}.Release|x64.Build.0 = Release|x64
	EndGlobalSection
	GlobalSection(SolutionProperties) = preSolution
		HideSolutionNode = FALSE
	EndGlobalSection
	GlobalSection(NestedProjects) = preSolution
		{7FEC1DDE-0CDA-465D-BEFD-EC85B8AEAC9C} = {765A42CA-67D7-4204-AD1F-25F69B22AE77}
		{371B9FA9-4C90-4AC6-A123-ACED756D6C77} = {2479A086-A080-4DF6-B6E3-CA44CFBEED49}
		{DF460EAB-570D-4B50-9089-2E2FC801BF38} = {2479A086-A080-4DF6-B6E3-CA44CFBEED49}
		{1DF4EB9F-B186-4BA6-A3D8-42E062BCF9A8} = {2B1462A1-6473-49B8-BA09-05861A7C0F82}
		{C904D0E5-7497-48AD-854B-45E1315595B2} = {2B1462A1-6473-49B8-BA09-05861A7C0F82}
	EndGlobalSection
	GlobalSection(ExtensibilityGlobals) = postSolution
		SolutionGuid = {5E9F61BD-C16D-4D43-BBE2-353646FB9A2E}
	EndGlobalSection
EndGlobal
