<?xml version="1.0" encoding="utf-8"?>
<Project ToolsVersion="4.0" xmlns="http://schemas.microsoft.com/developer/msbuild/2003">
  <ItemGroup>
    <Filter Include="Source Files">
      <UniqueIdentifier>{4FC737F1-C7A5-4376-A066-2A32D752A2FF}</UniqueIdentifier>
      <Extensions>cpp;c;cc;cxx;def;odl;idl;hpj;bat;asm;asmx</Extensions>
    </Filter>
    <Filter Include="Resource Files">
      <UniqueIdentifier>{67DA6AB6-F800-4c08-8B7A-83BB121AAD01}</UniqueIdentifier>
      <Extensions>rc;ico;cur;bmp;dlg;rc2;rct;bin;rgs;gif;jpg;jpeg;jpe;resx;tiff;tif;png;wav;mfcribbon-ms</Extensions>
    </Filter>
    <Filter Include="Source Files\IO">
      <UniqueIdentifier>{3d0740da-61e4-4c8a-938d-46bd6e133417}</UniqueIdentifier>
    </Filter>
    <Filter Include="Source Files\Common">
      <UniqueIdentifier>{1eb6cb3e-5235-43c2-9fdf-498a02ff661a}</UniqueIdentifier>
    </Filter>
    <Filter Include="Source Files\Camera">
      <UniqueIdentifier>{f0db6d4d-5f42-4059-b715-04af63c74171}</UniqueIdentifier>
    </Filter>
    <Filter Include="Source Files\Input">
      <UniqueIdentifier>{389c237f-35c4-449a-904c-582612d16ced}</UniqueIdentifier>
    </Filter>
    <Filter Include="Source Files\Model">
      <UniqueIdentifier>{2931d9a5-dc69-4abf-be2b-03b30785d465}</UniqueIdentifier>
    </Filter>
    <Filter Include="Source Files\Render">
      <UniqueIdentifier>{abb2d343-3b98-40a5-8c46-42025a8046ea}</UniqueIdentifier>
    </Filter>
    <Filter Include="Shader Files">
      <UniqueIdentifier>{5c3e849f-3bba-48b0-a996-a580a328e22e}</UniqueIdentifier>
    </Filter>
    <Filter Include="Source Files\State">
      <UniqueIdentifier>{4ef71d9e-9af5-4981-9f09-ad076b1439cb}</UniqueIdentifier>
    </Filter>
    <Filter Include="Source Files\Scene">
      <UniqueIdentifier>{fec9c9fc-bfca-4a32-9b72-20a03144413d}</UniqueIdentifier>
    </Filter>
    <Filter Include="Source Files\Utility">
      <UniqueIdentifier>{398fed36-4881-4319-8b3f-f593a66127bf}</UniqueIdentifier>
    </Filter>
    <Filter Include="Source Files\Component">
      <UniqueIdentifier>{912a9cae-0825-4195-81eb-64eb211b7a59}</UniqueIdentifier>
    </Filter>
  </ItemGroup>
  <ItemGroup>
    <ClCompile Include="Src\L3DEngine.cpp">
      <Filter>Source Files</Filter>
    </ClCompile>
    <ClCompile Include="Src\L3DInterface.cpp">
      <Filter>Source Files</Filter>
    </ClCompile>
    <ClCompile Include="Src\IO\LFileReader.cpp">
      <Filter>Source Files\IO</Filter>
    </ClCompile>
    <ClCompile Include="Src\Camera\L3DCamera.cpp">
      <Filter>Source Files\Camera</Filter>
    </ClCompile>
    <ClCompile Include="Src\Input\L3DInput.cpp">
      <Filter>Source Files\Input</Filter>
    </ClCompile>
    <ClCompile Include="Src\Model\L3DMaterial.cpp">
      <Filter>Source Files\Model</Filter>
    </ClCompile>
    <ClCompile Include="Src\Model\L3DMesh.cpp">
      <Filter>Source Files\Model</Filter>
    </ClCompile>
    <ClCompile Include="Src\Model\L3DShader.cpp">
      <Filter>Source Files\Model</Filter>
    </ClCompile>
    <ClCompile Include="Src\Model\L3DModel.cpp">
      <Filter>Source Files\Model</Filter>
    </ClCompile>
    <ClCompile Include="Src\Render\L3DRenderUnit.cpp">
      <Filter>Source Files\Render</Filter>
    </ClCompile>
    <ClCompile Include="Src\stdafx.cpp">
      <Filter>Source Files</Filter>
    </ClCompile>
    <ClCompile Include="Src\Model\L3DTexture.cpp">
      <Filter>Source Files\Model</Filter>
    </ClCompile>
    <ClCompile Include="Src\Model\L3DMaterialDefine.cpp">
      <Filter>Source Files\Model</Filter>
    </ClCompile>
    <ClCompile Include="Src\Model\L3DEffect.cpp">
      <Filter>Source Files\Model</Filter>
    </ClCompile>
    <ClCompile Include="Src\State\L3DState.cpp">
      <Filter>Source Files\State</Filter>
    </ClCompile>
    <ClCompile Include="Src\Scene\L3DScene.cpp">
      <Filter>Source Files\Scene</Filter>
    </ClCompile>
    <ClCompile Include="Src\Utility\FilePath.cpp">
      <Filter>Source Files\Utility</Filter>
    </ClCompile>
    <ClCompile Include="Src\Scene\L3DEnvironment.cpp">
      <Filter>Source Files\Scene</Filter>
    </ClCompile>
    <ClCompile Include="Src\Component\L3DWindow.cpp">
      <Filter>Source Files\Component</Filter>
    </ClCompile>
    <ClCompile Include="Src\Model\L3DBone.cpp">
      <Filter>Source Files\Model</Filter>
    </ClCompile>
  </ItemGroup>
  <ItemGroup>
    <ClInclude Include="..\Include\LCommon.h">
      <Filter>Source Files\Common</Filter>
    </ClInclude>
    <ClInclude Include="..\Include\LAssert.h">
      <Filter>Source Files\Common</Filter>
    </ClInclude>
    <ClInclude Include="..\Include\LExports.h">
      <Filter>Source Files\Common</Filter>
    </ClInclude>
    <ClInclude Include="..\Include\L3DEngine.h">
      <Filter>Source Files</Filter>
    </ClInclude>
    <ClInclude Include="..\Include\L3DInterface.h">
      <Filter>Source Files</Filter>
    </ClInclude>
    <ClInclude Include="Src\IO\LFileReader.h">
      <Filter>Source Files\IO</Filter>
    </ClInclude>
    <ClInclude Include="Src\IO\LFileStruct.h">
      <Filter>Source Files\IO</Filter>
    </ClInclude>
    <ClInclude Include="..\Include\L3DFormat.h">
      <Filter>Source Files\Common</Filter>
    </ClInclude>
    <ClInclude Include="Src\Camera\L3DCamera.h">
      <Filter>Source Files\Camera</Filter>
    </ClInclude>
    <ClInclude Include="Src\Input\L3DInput.h">
      <Filter>Source Files\Input</Filter>
    </ClInclude>
    <ClInclude Include="Src\Model\L3DMaterial.h">
      <Filter>Source Files\Model</Filter>
    </ClInclude>
    <ClInclude Include="Src\Model\L3DMesh.h">
      <Filter>Source Files\Model</Filter>
    </ClInclude>
    <ClInclude Include="Src\Model\L3DShader.h">
      <Filter>Source Files\Model</Filter>
    </ClInclude>
    <ClInclude Include="Src\Model\L3DModel.h">
      <Filter>Source Files\Model</Filter>
    </ClInclude>
    <ClInclude Include="Src\Render\L3DRenderUnit.h">
      <Filter>Source Files\Render</Filter>
    </ClInclude>
    <ClInclude Include="Src\stdafx.h">
      <Filter>Source Files</Filter>
    </ClInclude>
    <ClInclude Include="Src\Model\L3DMaterialConfig.h">
      <Filter>Source Files\Model</Filter>
    </ClInclude>
    <ClInclude Include="Src\Model\L3DTexture.h">
      <Filter>Source Files\Model</Filter>
    </ClInclude>
    <ClInclude Include="Src\Model\L3DMaterialDefine.h">
      <Filter>Source Files\Model</Filter>
    </ClInclude>
    <ClInclude Include="Src\Model\L3DEffect.h">
      <Filter>Source Files\Model</Filter>
    </ClInclude>
    <ClInclude Include="Src\State\L3DState.h">
      <Filter>Source Files\State</Filter>
    </ClInclude>
    <ClInclude Include="Src\Scene\L3DScene.h">
      <Filter>Source Files\Scene</Filter>
    </ClInclude>
    <ClInclude Include="Src\Utility\FilePath.h">
      <Filter>Source Files\Utility</Filter>
    </ClInclude>
    <ClInclude Include="Src\Scene\L3DEnvironment.h">
      <Filter>Source Files\Scene</Filter>
    </ClInclude>
    <ClInclude Include="Src\Component\L3DWindow.h">
      <Filter>Source Files\Component</Filter>
    </ClInclude>
    <ClInclude Include="Src\Model\L3DBone.h">
      <Filter>Source Files\Model</Filter>
    </ClInclude>
  </ItemGroup>
  <ItemGroup>
    <FxCompile Include="..\Client\Res\Shader\Material\SimpleSkinMeshShader.fx5">
      <Filter>Shader Files</Filter>
    </FxCompile>
  </ItemGroup>
</Project>